
Microsoft Visual Studio Solution File, Format Version 12.00
# Visual Studio Version 16
VisualStudioVersion = 16.0.31624.102
MinimumVisualStudioVersion = 10.0.40219.1
Project("{FAE04EC0-301F-11D3-BF4B-00C04F79EFBC}") = "BankamatikSimülasyon", "BankamatikSimülasyon\BankamatikSimülasyon.csproj", "{DE508FA0-5ACE-4D1C-93E5-BCE2C54A148E}"
EndProject
Global
	GlobalSection(SolutionConfigurationPlatforms) = preSolution
		Debug|Any CPU = Debug|Any CPU
		Release|Any CPU = Release|Any CPU
	EndGlobalSection
	GlobalSection(ProjectConfigurationPlatforms) = postSolution
		{DE508FA0-5ACE-4D1C-93E5-BCE2C54A148E}.Debug|Any CPU.ActiveCfg = Debug|Any CPU
		{DE508FA0-5ACE-4D1C-93E5-BCE2C54A148E}.Debug|Any CPU.Build.0 = Debug|Any CPU
		{DE508FA0-5ACE-4D1C-93E5-BCE2C54A148E}.Release|Any CPU.ActiveCfg = Release|Any CPU
		{DE508FA0-5ACE-4D1C-93E5-BCE2C54A148E}.Release|Any CPU.Build.0 = Release|Any CPU
	EndGlobalSection
	GlobalSection(SolutionProperties) = preSolution
		HideSolutionNode = FALSE
	EndGlobalSection
	GlobalSection(ExtensibilityGlobals) = postSolution
		SolutionGuid = {FE329840-9D43-4016-B8FC-46E1EA2D08F5}
	EndGlobalSection
EndGlobal
